
Microsoft Visual Studio Solution File, Format Version 12.00
# Visual Studio Version 17
VisualStudioVersion = 17.11.35312.102
MinimumVisualStudioVersion = 10.0.40219.1
Project("{FAE04EC0-301F-11D3-BF4B-00C04F79EFBC}") = "Minimarket", "WebApplication1\Minimarket.csproj", "{8DE05985-EC04-439F-929E-99E1645C9251}"
EndProject
Global
	GlobalSection(SolutionConfigurationPlatforms) = preSolution
		Debug|Any CPU = Debug|Any CPU
		Release|Any CPU = Release|Any CPU
	EndGlobalSection
	GlobalSection(ProjectConfigurationPlatforms) = postSolution
		{8DE05985-EC04-439F-929E-99E1645C9251}.Debug|Any CPU.ActiveCfg = Debug|Any CPU
		{8DE05985-EC04-439F-929E-99E1645C9251}.Debug|Any CPU.Build.0 = Debug|Any CPU
		{8DE05985-EC04-439F-929E-99E1645C9251}.Release|Any CPU.ActiveCfg = Release|Any CPU
		{8DE05985-EC04-439F-929E-99E1645C9251}.Release|Any CPU.Build.0 = Release|Any CPU
	EndGlobalSection
	GlobalSection(SolutionProperties) = preSolution
		HideSolutionNode = FALSE
	EndGlobalSection
	GlobalSection(ExtensibilityGlobals) = postSolution
		SolutionGuid = {086DC024-22BE-496F-8182-BF1599978311}
	EndGlobalSection
EndGlobal
